
Microsoft Visual Studio Solution File, Format Version 12.00
# Visual Studio Version 16
VisualStudioVersion = 16.0.31702.278
MinimumVisualStudioVersion = 10.0.40219.1
Project("{FAE04EC0-301F-11D3-BF4B-00C04F79EFBC}") = "diWildr", "diWildr\diWildr.csproj", "{CED166F7-FB85-415B-9AE6-52A6927B3A87}"
EndProject
Global
	GlobalSection(SolutionConfigurationPlatforms) = preSolution
		Debug|Any CPU = Debug|Any CPU
		Release|Any CPU = Release|Any CPU
	EndGlobalSection
	GlobalSection(ProjectConfigurationPlatforms) = postSolution
		{CED166F7-FB85-415B-9AE6-52A6927B3A87}.Debug|Any CPU.ActiveCfg = Debug|Any CPU
		{CED166F7-FB85-415B-9AE6-52A6927B3A87}.Debug|Any CPU.Build.0 = Debug|Any CPU
		{CED166F7-FB85-415B-9AE6-52A6927B3A87}.Release|Any CPU.ActiveCfg = Release|Any CPU
		{CED166F7-FB85-415B-9AE6-52A6927B3A87}.Release|Any CPU.Build.0 = Release|Any CPU
	EndGlobalSection
	GlobalSection(SolutionProperties) = preSolution
		HideSolutionNode = FALSE
	EndGlobalSection
	GlobalSection(ExtensibilityGlobals) = postSolution
		SolutionGuid = {49395F79-BF84-4533-AE2A-468141968E8D}
	EndGlobalSection
EndGlobal
